
Microsoft Visual Studio Solution File, Format Version 12.00
# Visual Studio Version 17
VisualStudioVersion = 17.7.34031.279
MinimumVisualStudioVersion = 10.0.40219.1
Project("{FAE04EC0-301F-11D3-BF4B-00C04F79EFBC}") = "GUI", "GUI\GUI.csproj", "{BE89F79F-7A63-4EAE-A980-166108442C7D}"
EndProject
Project("{FAE04EC0-301F-11D3-BF4B-00C04F79EFBC}") = "BUS", "BUS\BUS.csproj", "{1210DF08-1EF3-4FBF-AC3C-9EFE185C1936}"
EndProject
Project("{FAE04EC0-301F-11D3-BF4B-00C04F79EFBC}") = "DAL", "DAL\DAL.csproj", "{42EE9A87-37D6-4E3F-AA8E-0B05BEB391B2}"
EndProject
Global
	GlobalSection(SolutionConfigurationPlatforms) = preSolution
		Debug|Any CPU = Debug|Any CPU
		Release|Any CPU = Release|Any CPU
	EndGlobalSection
	GlobalSection(ProjectConfigurationPlatforms) = postSolution
		{BE89F79F-7A63-4EAE-A980-166108442C7D}.Debug|Any CPU.ActiveCfg = Debug|Any CPU
		{BE89F79F-7A63-4EAE-A980-166108442C7D}.Debug|Any CPU.Build.0 = Debug|Any CPU
		{BE89F79F-7A63-4EAE-A980-166108442C7D}.Release|Any CPU.ActiveCfg = Release|Any CPU
		{BE89F79F-7A63-4EAE-A980-166108442C7D}.Release|Any CPU.Build.0 = Release|Any CPU
		{1210DF08-1EF3-4FBF-AC3C-9EFE185C1936}.Debug|Any CPU.ActiveCfg = Debug|Any CPU
		{1210DF08-1EF3-4FBF-AC3C-9EFE185C1936}.Debug|Any CPU.Build.0 = Debug|Any CPU
		{1210DF08-1EF3-4FBF-AC3C-9EFE185C1936}.Release|Any CPU.ActiveCfg = Release|Any CPU
		{1210DF08-1EF3-4FBF-AC3C-9EFE185C1936}.Release|Any CPU.Build.0 = Release|Any CPU
		{42EE9A87-37D6-4E3F-AA8E-0B05BEB391B2}.Debug|Any CPU.ActiveCfg = Debug|Any CPU
		{42EE9A87-37D6-4E3F-AA8E-0B05BEB391B2}.Debug|Any CPU.Build.0 = Debug|Any CPU
		{42EE9A87-37D6-4E3F-AA8E-0B05BEB391B2}.Release|Any CPU.ActiveCfg = Release|Any CPU
		{42EE9A87-37D6-4E3F-AA8E-0B05BEB391B2}.Release|Any CPU.Build.0 = Release|Any CPU
	EndGlobalSection
	GlobalSection(SolutionProperties) = preSolution
		HideSolutionNode = FALSE
	EndGlobalSection
	GlobalSection(ExtensibilityGlobals) = postSolution
		SolutionGuid = {CC3400ED-309A-44B5-9142-973A153E3373}
	EndGlobalSection
EndGlobal
